github.com/JitenPalaparthi/sanas-shapes v0.0.0-20250515064340-bb7f7219f48c h1:4Kwdf02lnoV5Z/ckPpoo6K5ZaPQeD3bVNuTD7obDg08=
github.com/JitenPalaparthi/sanas-shapes v0.0.0-20250515064340-bb7f7219f48c/go.mod h1:5SmAbdowyioPAiNFff7PaT5xJVTz7E6UY76DIk7a2UE=
github.com/JitenPalaparthi/sanas-shapes v0.0.0-20250515065727-b7d817f401b0 h1:4S6xMTN4lbXFA/cBwGCYhtSDtpjEEGpHhDbVcArAqqw=
github.com/JitenPalaparthi/sanas-shapes v0.0.0-20250515065727-b7d817f401b0/go.mod h1:5SmAbdowyioPAiNFff7PaT5xJVTz7E6UY76DIk7a2UE=
github.com/google/uuid v1.6.0 h1:NIvaJDMOsjHA8n1jAhLSgzrAzy1Hgr+hNrb57e+94F0=
github.com/google/uuid v1.6.0/go.mod h1:TIyPZe4MgqvfeYDBFedMoGGpEw/LqOeaOT+nhxU+yHo=
